
Microsoft Visual Studio Solution File, Format Version 12.00
# Visual Studio 15
VisualStudioVersion = 15.0.28307.852
MinimumVisualStudioVersion = 10.0.40219.1
Project("{9A19103F-16F7-4668-BE54-9A1E7A4F7556}") = "SobaScript.Z.Ext", "SobaScript.Z.Ext\SobaScript.Z.Ext.csproj", "{0FB9BD48-D455-40DC-A6BF-411B595A2999}"
EndProject
Project("{9A19103F-16F7-4668-BE54-9A1E7A4F7556}") = "SobaScript.Z.ExtTest", "SobaScript.Z.ExtTest\SobaScript.Z.ExtTest.csproj", "{ED50ABB4-C815-4A8E-9C35-C2973AE7E40C}"
EndProject
Project("{2150E333-8FDC-42A3-9474-1A3956D46DE8}") = "root", "root", "{EB311AAA-4BDA-4114-8462-B497548B5123}"
	ProjectSection(SolutionItems) = preProject
		License.txt = License.txt
		Readme.md = Readme.md
	EndProjectSection
EndProject
Global
	GlobalSection(SolutionConfigurationPlatforms) = preSolution
		DBG_SDK10|Any CPU = DBG_SDK10|Any CPU
		DBG_SDK15|Any CPU = DBG_SDK15|Any CPU
		DCI_SDK10|Any CPU = DCI_SDK10|Any CPU
		DCI_SDK15|Any CPU = DCI_SDK15|Any CPU
		RCI_SDK10|Any CPU = RCI_SDK10|Any CPU
		RCI_SDK15|Any CPU = RCI_SDK15|Any CPU
		REL_SDK10|Any CPU = REL_SDK10|Any CPU
		REL_SDK15|Any CPU = REL_SDK15|Any CPU
	EndGlobalSection
	GlobalSection(ProjectConfigurationPlatforms) = postSolution
		{0FB9BD48-D455-40DC-A6BF-411B595A2999}.DBG_SDK10|Any CPU.ActiveCfg = DBG_SDK10|Any CPU
		{0FB9BD48-D455-40DC-A6BF-411B595A2999}.DBG_SDK10|Any CPU.Build.0 = DBG_SDK10|Any CPU
		{0FB9BD48-D455-40DC-A6BF-411B595A2999}.DBG_SDK15|Any CPU.ActiveCfg = DBG_SDK15|Any CPU
		{0FB9BD48-D455-40DC-A6BF-411B595A2999}.DBG_SDK15|Any CPU.Build.0 = DBG_SDK15|Any CPU
		{0FB9BD48-D455-40DC-A6BF-411B595A2999}.DCI_SDK10|Any CPU.ActiveCfg = DCI_SDK10|Any CPU
		{0FB9BD48-D455-40DC-A6BF-411B595A2999}.DCI_SDK10|Any CPU.Build.0 = DCI_SDK10|Any CPU
		{0FB9BD48-D455-40DC-A6BF-411B595A2999}.DCI_SDK15|Any CPU.ActiveCfg = DCI_SDK15|Any CPU
		{0FB9BD48-D455-40DC-A6BF-411B595A2999}.DCI_SDK15|Any CPU.Build.0 = DCI_SDK15|Any CPU
		{0FB9BD48-D455-40DC-A6BF-411B595A2999}.RCI_SDK10|Any CPU.ActiveCfg = RCI_SDK10|Any CPU
		{0FB9BD48-D455-40DC-A6BF-411B595A2999}.RCI_SDK10|Any CPU.Build.0 = RCI_SDK10|Any CPU
		{0FB9BD48-D455-40DC-A6BF-411B595A2999}.RCI_SDK15|Any CPU.ActiveCfg = RCI_SDK15|Any CPU
		{0FB9BD48-D455-40DC-A6BF-411B595A2999}.RCI_SDK15|Any CPU.Build.0 = RCI_SDK15|Any CPU
		{0FB9BD48-D455-40DC-A6BF-411B595A2999}.REL_SDK10|Any CPU.ActiveCfg = REL_SDK10|Any CPU
		{0FB9BD48-D455-40DC-A6BF-411B595A2999}.REL_SDK10|Any CPU.Build.0 = REL_SDK10|Any CPU
		{0FB9BD48-D455-40DC-A6BF-411B595A2999}.REL_SDK15|Any CPU.ActiveCfg = REL_SDK15|Any CPU
		{0FB9BD48-D455-40DC-A6BF-411B595A2999}.REL_SDK15|Any CPU.Build.0 = REL_SDK15|Any CPU
		{ED50ABB4-C815-4A8E-9C35-C2973AE7E40C}.DBG_SDK10|Any CPU.ActiveCfg = DBG_SDK10|Any CPU
		{ED50ABB4-C815-4A8E-9C35-C2973AE7E40C}.DBG_SDK10|Any CPU.Build.0 = DBG_SDK10|Any CPU
		{ED50ABB4-C815-4A8E-9C35-C2973AE7E40C}.DBG_SDK15|Any CPU.ActiveCfg = DBG_SDK15|Any CPU
		{ED50ABB4-C815-4A8E-9C35-C2973AE7E40C}.DBG_SDK15|Any CPU.Build.0 = DBG_SDK15|Any CPU
		{ED50ABB4-C815-4A8E-9C35-C2973AE7E40C}.DCI_SDK10|Any CPU.ActiveCfg = DCI_SDK10|Any CPU
		{ED50ABB4-C815-4A8E-9C35-C2973AE7E40C}.DCI_SDK10|Any CPU.Build.0 = DCI_SDK10|Any CPU
		{ED50ABB4-C815-4A8E-9C35-C2973AE7E40C}.DCI_SDK15|Any CPU.ActiveCfg = DCI_SDK15|Any CPU
		{ED50ABB4-C815-4A8E-9C35-C2973AE7E40C}.DCI_SDK15|Any CPU.Build.0 = DCI_SDK15|Any CPU
		{ED50ABB4-C815-4A8E-9C35-C2973AE7E40C}.RCI_SDK10|Any CPU.ActiveCfg = RCI_SDK10|Any CPU
		{ED50ABB4-C815-4A8E-9C35-C2973AE7E40C}.RCI_SDK10|Any CPU.Build.0 = RCI_SDK10|Any CPU
		{ED50ABB4-C815-4A8E-9C35-C2973AE7E40C}.RCI_SDK15|Any CPU.ActiveCfg = RCI_SDK15|Any CPU
		{ED50ABB4-C815-4A8E-9C35-C2973AE7E40C}.RCI_SDK15|Any CPU.Build.0 = RCI_SDK15|Any CPU
		{ED50ABB4-C815-4A8E-9C35-C2973AE7E40C}.REL_SDK10|Any CPU.ActiveCfg = REL_SDK10|Any CPU
		{ED50ABB4-C815-4A8E-9C35-C2973AE7E40C}.REL_SDK10|Any CPU.Build.0 = REL_SDK10|Any CPU
		{ED50ABB4-C815-4A8E-9C35-C2973AE7E40C}.REL_SDK15|Any CPU.ActiveCfg = REL_SDK15|Any CPU
		{ED50ABB4-C815-4A8E-9C35-C2973AE7E40C}.REL_SDK15|Any CPU.Build.0 = REL_SDK15|Any CPU
	EndGlobalSection
	GlobalSection(SolutionProperties) = preSolution
		HideSolutionNode = FALSE
	EndGlobalSection
	GlobalSection(ExtensibilityGlobals) = postSolution
		SolutionGuid = {C9647DD5-B684-42B3-8C35-131CB8B45793}
	EndGlobalSection
EndGlobal
